
Microsoft Visual Studio Solution File, Format Version 12.00
# Visual Studio Version 16
VisualStudioVersion = 16.0.31424.327
MinimumVisualStudioVersion = 10.0.40219.1
Project("{FAE04EC0-301F-11D3-BF4B-00C04F79EFBC}") = "AssemblyHunter", "AssemblyHunter\AssemblyHunter.csproj", "{967826DD-C228-453D-B3ED-A2159D923A43}"
EndProject
Global
	GlobalSection(SolutionConfigurationPlatforms) = preSolution
		Debug|Any CPU = Debug|Any CPU
		Release|Any CPU = Release|Any CPU
	EndGlobalSection
	GlobalSection(ProjectConfigurationPlatforms) = postSolution
		{967826DD-C228-453D-B3ED-A2159D923A43}.Debug|Any CPU.ActiveCfg = Debug|Any CPU
		{967826DD-C228-453D-B3ED-A2159D923A43}.Debug|Any CPU.Build.0 = Debug|Any CPU
		{967826DD-C228-453D-B3ED-A2159D923A43}.Release|Any CPU.ActiveCfg = Release|Any CPU
		{967826DD-C228-453D-B3ED-A2159D923A43}.Release|Any CPU.Build.0 = Release|Any CPU
	EndGlobalSection
	GlobalSection(SolutionProperties) = preSolution
		HideSolutionNode = FALSE
	EndGlobalSection
	GlobalSection(ExtensibilityGlobals) = postSolution
		SolutionGuid = {E6781DDA-B46C-40BC-8AE5-E5F6F6BFE88D}
	EndGlobalSection
EndGlobal
